
Microsoft Visual Studio Solution File, Format Version 12.00
# Visual Studio Version 17
VisualStudioVersion = 17.9.34728.123
MinimumVisualStudioVersion = 10.0.40219.1
Project("{FAE04EC0-301F-11D3-BF4B-00C04F79EFBC}") = "Whiteboard", "Whiteboard\Whiteboard.csproj", "{62482F16-D6DB-4FA6-8060-008ABF00C54C}"
EndProject
Global
	GlobalSection(SolutionConfigurationPlatforms) = preSolution
		Debug|Any CPU = Debug|Any CPU
		Release|Any CPU = Release|Any CPU
	EndGlobalSection
	GlobalSection(ProjectConfigurationPlatforms) = postSolution
		{62482F16-D6DB-4FA6-8060-008ABF00C54C}.Debug|Any CPU.ActiveCfg = Debug|Any CPU
		{62482F16-D6DB-4FA6-8060-008ABF00C54C}.Debug|Any CPU.Build.0 = Debug|Any CPU
		{62482F16-D6DB-4FA6-8060-008ABF00C54C}.Release|Any CPU.ActiveCfg = Release|Any CPU
		{62482F16-D6DB-4FA6-8060-008ABF00C54C}.Release|Any CPU.Build.0 = Release|Any CPU
	EndGlobalSection
	GlobalSection(SolutionProperties) = preSolution
		HideSolutionNode = FALSE
	EndGlobalSection
	GlobalSection(ExtensibilityGlobals) = postSolution
		SolutionGuid = {96266C60-00E0-43E5-B5DB-EDBE258B14F7}
	EndGlobalSection
EndGlobal
